
Microsoft Visual Studio Solution File, Format Version 12.00
# Visual Studio Version 17
VisualStudioVersion = 17.4.33110.190
MinimumVisualStudioVersion = 10.0.40219.1
Project("{FAE04EC0-301F-11D3-BF4B-00C04F79EFBC}") = "PassengerApp.Android", "PassengerApp\PassengerApp.Android\PassengerApp.Android.csproj", "{66A2EDA3-3F4E-46F8-B15B-E2C37A50F797}"
EndProject
Project("{FAE04EC0-301F-11D3-BF4B-00C04F79EFBC}") = "PassengerApp.iOS", "PassengerApp\PassengerApp.iOS\PassengerApp.iOS.csproj", "{6D8EE0D2-15D1-4E9B-8A4D-3A4093669907}"
EndProject
Project("{FAE04EC0-301F-11D3-BF4B-00C04F79EFBC}") = "PassengerApp", "PassengerApp\PassengerApp\PassengerApp.csproj", "{452C1FAC-7787-47A8-8FC5-789F034DD6DA}"
EndProject
Global
	GlobalSection(SolutionConfigurationPlatforms) = preSolution
		Debug|Any CPU = Debug|Any CPU
		Debug|iPhone = Debug|iPhone
		Debug|iPhoneSimulator = Debug|iPhoneSimulator
		Release|Any CPU = Release|Any CPU
		Release|iPhone = Release|iPhone
		Release|iPhoneSimulator = Release|iPhoneSimulator
	EndGlobalSection
	GlobalSection(ProjectConfigurationPlatforms) = postSolution
		{66A2EDA3-3F4E-46F8-B15B-E2C37A50F797}.Debug|Any CPU.ActiveCfg = Debug|Any CPU
		{66A2EDA3-3F4E-46F8-B15B-E2C37A50F797}.Debug|Any CPU.Build.0 = Debug|Any CPU
		{66A2EDA3-3F4E-46F8-B15B-E2C37A50F797}.Debug|Any CPU.Deploy.0 = Debug|Any CPU
		{66A2EDA3-3F4E-46F8-B15B-E2C37A50F797}.Debug|iPhone.ActiveCfg = Debug|Any CPU
		{66A2EDA3-3F4E-46F8-B15B-E2C37A50F797}.Debug|iPhone.Build.0 = Debug|Any CPU
		{66A2EDA3-3F4E-46F8-B15B-E2C37A50F797}.Debug|iPhone.Deploy.0 = Debug|Any CPU
		{66A2EDA3-3F4E-46F8-B15B-E2C37A50F797}.Debug|iPhoneSimulator.ActiveCfg = Debug|Any CPU
		{66A2EDA3-3F4E-46F8-B15B-E2C37A50F797}.Debug|iPhoneSimulator.Build.0 = Debug|Any CPU
		{66A2EDA3-3F4E-46F8-B15B-E2C37A50F797}.Debug|iPhoneSimulator.Deploy.0 = Debug|Any CPU
		{66A2EDA3-3F4E-46F8-B15B-E2C37A50F797}.Release|Any CPU.ActiveCfg = Release|Any CPU
		{66A2EDA3-3F4E-46F8-B15B-E2C37A50F797}.Release|Any CPU.Build.0 = Release|Any CPU
		{66A2EDA3-3F4E-46F8-B15B-E2C37A50F797}.Release|Any CPU.Deploy.0 = Release|Any CPU
		{66A2EDA3-3F4E-46F8-B15B-E2C37A50F797}.Release|iPhone.ActiveCfg = Release|Any CPU
		{66A2EDA3-3F4E-46F8-B15B-E2C37A50F797}.Release|iPhone.Build.0 = Release|Any CPU
		{66A2EDA3-3F4E-46F8-B15B-E2C37A50F797}.Release|iPhone.Deploy.0 = Release|Any CPU
		{66A2EDA3-3F4E-46F8-B15B-E2C37A50F797}.Release|iPhoneSimulator.ActiveCfg = Release|Any CPU
		{66A2EDA3-3F4E-46F8-B15B-E2C37A50F797}.Release|iPhoneSimulator.Build.0 = Release|Any CPU
		{66A2EDA3-3F4E-46F8-B15B-E2C37A50F797}.Release|iPhoneSimulator.Deploy.0 = Release|Any CPU
		{6D8EE0D2-15D1-4E9B-8A4D-3A4093669907}.Debug|Any CPU.ActiveCfg = Debug|iPhone
		{6D8EE0D2-15D1-4E9B-8A4D-3A4093669907}.Debug|Any CPU.Build.0 = Debug|iPhone
		{6D8EE0D2-15D1-4E9B-8A4D-3A4093669907}.Debug|Any CPU.Deploy.0 = Debug|iPhone
		{6D8EE0D2-15D1-4E9B-8A4D-3A4093669907}.Debug|iPhone.ActiveCfg = Debug|iPhone
		{6D8EE0D2-15D1-4E9B-8A4D-3A4093669907}.Debug|iPhone.Build.0 = Debug|iPhone
		{6D8EE0D2-15D1-4E9B-8A4D-3A4093669907}.Debug|iPhone.Deploy.0 = Debug|iPhone
		{6D8EE0D2-15D1-4E9B-8A4D-3A4093669907}.Debug|iPhoneSimulator.ActiveCfg = Debug|iPhoneSimulator
		{6D8EE0D2-15D1-4E9B-8A4D-3A4093669907}.Debug|iPhoneSimulator.Build.0 = Debug|iPhoneSimulator
		{6D8EE0D2-15D1-4E9B-8A4D-3A4093669907}.Debug|iPhoneSimulator.Deploy.0 = Debug|iPhoneSimulator
		{6D8EE0D2-15D1-4E9B-8A4D-3A4093669907}.Release|Any CPU.ActiveCfg = Release|iPhoneSimulator
		{6D8EE0D2-15D1-4E9B-8A4D-3A4093669907}.Release|Any CPU.Build.0 = Release|iPhoneSimulator
		{6D8EE0D2-15D1-4E9B-8A4D-3A4093669907}.Release|Any CPU.Deploy.0 = Release|iPhoneSimulator
		{6D8EE0D2-15D1-4E9B-8A4D-3A4093669907}.Release|iPhone.ActiveCfg = Release|iPhone
		{6D8EE0D2-15D1-4E9B-8A4D-3A4093669907}.Release|iPhone.Build.0 = Release|iPhone
		{6D8EE0D2-15D1-4E9B-8A4D-3A4093669907}.Release|iPhone.Deploy.0 = Release|iPhone
		{6D8EE0D2-15D1-4E9B-8A4D-3A4093669907}.Release|iPhoneSimulator.ActiveCfg = Release|iPhoneSimulator
		{6D8EE0D2-15D1-4E9B-8A4D-3A4093669907}.Release|iPhoneSimulator.Build.0 = Release|iPhoneSimulator
		{6D8EE0D2-15D1-4E9B-8A4D-3A4093669907}.Release|iPhoneSimulator.Deploy.0 = Release|iPhoneSimulator
		{452C1FAC-7787-47A8-8FC5-789F034DD6DA}.Debug|Any CPU.ActiveCfg = Debug|Any CPU
		{452C1FAC-7787-47A8-8FC5-789F034DD6DA}.Debug|Any CPU.Build.0 = Debug|Any CPU
		{452C1FAC-7787-47A8-8FC5-789F034DD6DA}.Debug|Any CPU.Deploy.0 = Debug|Any CPU
		{452C1FAC-7787-47A8-8FC5-789F034DD6DA}.Debug|iPhone.ActiveCfg = Debug|Any CPU
		{452C1FAC-7787-47A8-8FC5-789F034DD6DA}.Debug|iPhone.Build.0 = Debug|Any CPU
		{452C1FAC-7787-47A8-8FC5-789F034DD6DA}.Debug|iPhone.Deploy.0 = Debug|Any CPU
		{452C1FAC-7787-47A8-8FC5-789F034DD6DA}.Debug|iPhoneSimulator.ActiveCfg = Debug|Any CPU
		{452C1FAC-7787-47A8-8FC5-789F034DD6DA}.Debug|iPhoneSimulator.Build.0 = Debug|Any CPU
		{452C1FAC-7787-47A8-8FC5-789F034DD6DA}.Debug|iPhoneSimulator.Deploy.0 = Debug|Any CPU
		{452C1FAC-7787-47A8-8FC5-789F034DD6DA}.Release|Any CPU.ActiveCfg = Release|Any CPU
		{452C1FAC-7787-47A8-8FC5-789F034DD6DA}.Release|Any CPU.Build.0 = Release|Any CPU
		{452C1FAC-7787-47A8-8FC5-789F034DD6DA}.Release|Any CPU.Deploy.0 = Release|Any CPU
		{452C1FAC-7787-47A8-8FC5-789F034DD6DA}.Release|iPhone.ActiveCfg = Release|Any CPU
		{452C1FAC-7787-47A8-8FC5-789F034DD6DA}.Release|iPhone.Build.0 = Release|Any CPU
		{452C1FAC-7787-47A8-8FC5-789F034DD6DA}.Release|iPhone.Deploy.0 = Release|Any CPU
		{452C1FAC-7787-47A8-8FC5-789F034DD6DA}.Release|iPhoneSimulator.ActiveCfg = Release|Any CPU
		{452C1FAC-7787-47A8-8FC5-789F034DD6DA}.Release|iPhoneSimulator.Build.0 = Release|Any CPU
		{452C1FAC-7787-47A8-8FC5-789F034DD6DA}.Release|iPhoneSimulator.Deploy.0 = Release|Any CPU
	EndGlobalSection
	GlobalSection(SolutionProperties) = preSolution
		HideSolutionNode = FALSE
	EndGlobalSection
	GlobalSection(ExtensibilityGlobals) = postSolution
		SolutionGuid = {85DA73CA-0DED-44CC-99F8-0CCFD94AEB1E}
	EndGlobalSection
EndGlobal
